
Microsoft Visual Studio Solution File, Format Version 12.00
Project("{FAE04EC0-301F-11D3-BF4B-00C04F79EFBC}") = "RiderService", "RiderService\RiderService.csproj", "{A2C23B88-BE7B-4594-94B0-DEE10C309ABD}"
EndProject
Project("{FAE04EC0-301F-11D3-BF4B-00C04F79EFBC}") = "CustomerService", "CustomerService\CustomerService.csproj", "{D39E6683-1395-47AD-8664-6F01B73CBB29}"
EndProject
Project("{FAE04EC0-301F-11D3-BF4B-00C04F79EFBC}") = "AdministrativeService", "AdministrativeService\AdministrativeService.csproj", "{735039BC-51D9-4151-95E0-A8A93E2CBF08}"
EndProject
Global
	GlobalSection(SolutionConfigurationPlatforms) = preSolution
		Debug|Any CPU = Debug|Any CPU
		Release|Any CPU = Release|Any CPU
	EndGlobalSection
	GlobalSection(ProjectConfigurationPlatforms) = postSolution
		{A2C23B88-BE7B-4594-94B0-DEE10C309ABD}.Debug|Any CPU.ActiveCfg = Debug|Any CPU
		{A2C23B88-BE7B-4594-94B0-DEE10C309ABD}.Debug|Any CPU.Build.0 = Debug|Any CPU
		{A2C23B88-BE7B-4594-94B0-DEE10C309ABD}.Release|Any CPU.ActiveCfg = Release|Any CPU
		{A2C23B88-BE7B-4594-94B0-DEE10C309ABD}.Release|Any CPU.Build.0 = Release|Any CPU
		{D39E6683-1395-47AD-8664-6F01B73CBB29}.Debug|Any CPU.ActiveCfg = Debug|Any CPU
		{D39E6683-1395-47AD-8664-6F01B73CBB29}.Debug|Any CPU.Build.0 = Debug|Any CPU
		{D39E6683-1395-47AD-8664-6F01B73CBB29}.Release|Any CPU.ActiveCfg = Release|Any CPU
		{D39E6683-1395-47AD-8664-6F01B73CBB29}.Release|Any CPU.Build.0 = Release|Any CPU
		{735039BC-51D9-4151-95E0-A8A93E2CBF08}.Debug|Any CPU.ActiveCfg = Debug|Any CPU
		{735039BC-51D9-4151-95E0-A8A93E2CBF08}.Debug|Any CPU.Build.0 = Debug|Any CPU
		{735039BC-51D9-4151-95E0-A8A93E2CBF08}.Release|Any CPU.ActiveCfg = Release|Any CPU
		{735039BC-51D9-4151-95E0-A8A93E2CBF08}.Release|Any CPU.Build.0 = Release|Any CPU
	EndGlobalSection
EndGlobal
